
Microsoft Visual Studio Solution File, Format Version 12.00
# Visual Studio Version 17
VisualStudioVersion = 17.5.002.0
MinimumVisualStudioVersion = 10.0.40219.1
Project("{9A19103F-16F7-4668-BE54-9A1E7A4F7556}") = "MySqlApp", "MySqlApp.csproj", "{4CE7E682-4401-435C-B6A4-D27A4B2F1BAE}"
EndProject
Global
	GlobalSection(SolutionConfigurationPlatforms) = preSolution
		Debug|Any CPU = Debug|Any CPU
		Release|Any CPU = Release|Any CPU
	EndGlobalSection
	GlobalSection(ProjectConfigurationPlatforms) = postSolution
		{4CE7E682-4401-435C-B6A4-D27A4B2F1BAE}.Debug|Any CPU.ActiveCfg = Debug|Any CPU
		{4CE7E682-4401-435C-B6A4-D27A4B2F1BAE}.Debug|Any CPU.Build.0 = Debug|Any CPU
		{4CE7E682-4401-435C-B6A4-D27A4B2F1BAE}.Release|Any CPU.ActiveCfg = Release|Any CPU
		{4CE7E682-4401-435C-B6A4-D27A4B2F1BAE}.Release|Any CPU.Build.0 = Release|Any CPU
	EndGlobalSection
	GlobalSection(SolutionProperties) = preSolution
		HideSolutionNode = FALSE
	EndGlobalSection
	GlobalSection(ExtensibilityGlobals) = postSolution
		SolutionGuid = {E15B9034-AD99-4790-A412-9BBFA0A5F000}
	EndGlobalSection
EndGlobal
